
Microsoft Visual Studio Solution File, Format Version 12.00
# Visual Studio Version 17
VisualStudioVersion = 17.14.36119.2
MinimumVisualStudioVersion = 10.0.40219.1
Project("{FAE04EC0-301F-11D3-BF4B-00C04F79EFBC}") = "WinRefinery", "WinRefinery\WinRefinery.csproj", "{D15608CF-01FC-47C8-9107-66A57074AA2D}"
EndProject
Global
	GlobalSection(SolutionConfigurationPlatforms) = preSolution
		Debug|Any CPU = Debug|Any CPU
		Release|Any CPU = Release|Any CPU
	EndGlobalSection
	GlobalSection(ProjectConfigurationPlatforms) = postSolution
		{D15608CF-01FC-47C8-9107-66A57074AA2D}.Debug|Any CPU.ActiveCfg = Debug|Any CPU
		{D15608CF-01FC-47C8-9107-66A57074AA2D}.Debug|Any CPU.Build.0 = Debug|Any CPU
		{D15608CF-01FC-47C8-9107-66A57074AA2D}.Release|Any CPU.ActiveCfg = Release|Any CPU
		{D15608CF-01FC-47C8-9107-66A57074AA2D}.Release|Any CPU.Build.0 = Release|Any CPU
	EndGlobalSection
	GlobalSection(SolutionProperties) = preSolution
		HideSolutionNode = FALSE
	EndGlobalSection
	GlobalSection(ExtensibilityGlobals) = postSolution
		SolutionGuid = {D0B184FF-0134-43F6-8564-B9AECF0248A9}
	EndGlobalSection
EndGlobal
